
Microsoft Visual Studio Solution File, Format Version 12.00
# Visual Studio Version 17
VisualStudioVersion = 17.11.35312.102
MinimumVisualStudioVersion = 10.0.40219.1
Project("{FAE04EC0-301F-11D3-BF4B-00C04F79EFBC}") = "BarcodeScannerV1", "BarcodeScannerV1\BarcodeScannerV1.csproj", "{0D3B0E47-E09C-4B4F-A19E-5DD750FE0B5A}"
EndProject
Global
	GlobalSection(SolutionConfigurationPlatforms) = preSolution
		Debug|Any CPU = Debug|Any CPU
		Release|Any CPU = Release|Any CPU
	EndGlobalSection
	GlobalSection(ProjectConfigurationPlatforms) = postSolution
		{0D3B0E47-E09C-4B4F-A19E-5DD750FE0B5A}.Debug|Any CPU.ActiveCfg = Debug|Any CPU
		{0D3B0E47-E09C-4B4F-A19E-5DD750FE0B5A}.Debug|Any CPU.Build.0 = Debug|Any CPU
		{0D3B0E47-E09C-4B4F-A19E-5DD750FE0B5A}.Release|Any CPU.ActiveCfg = Release|Any CPU
		{0D3B0E47-E09C-4B4F-A19E-5DD750FE0B5A}.Release|Any CPU.Build.0 = Release|Any CPU
	EndGlobalSection
	GlobalSection(SolutionProperties) = preSolution
		HideSolutionNode = FALSE
	EndGlobalSection
	GlobalSection(ExtensibilityGlobals) = postSolution
		SolutionGuid = {A7EB19D3-499D-4130-8283-FCA3970BF568}
	EndGlobalSection
EndGlobal
